
Microsoft Visual Studio Solution File, Format Version 12.00
# Visual Studio Version 17
VisualStudioVersion = 17.2.32616.157
MinimumVisualStudioVersion = 10.0.40219.1
Project("{FAE04EC0-301F-11D3-BF4B-00C04F79EFBC}") = "catalogoWeb", "catalogoWeb\catalogoWeb.csproj", "{82FF1E5D-3BE2-413F-AC37-7F954DDBA3FB}"
EndProject
Project("{FAE04EC0-301F-11D3-BF4B-00C04F79EFBC}") = "Modelo", "..\..\CatalogoWeb\Modelo\Modelo.csproj", "{8C26639A-70DF-4088-A841-5D2D537FFB1B}"
EndProject
Project("{FAE04EC0-301F-11D3-BF4B-00C04F79EFBC}") = "Negocio", "..\..\CatalogoWeb\Negocio\Negocio.csproj", "{95D49E1D-4BBC-4998-8FF1-A4FC73E1601D}"
EndProject
Global
	GlobalSection(SolutionConfigurationPlatforms) = preSolution
		Debug|Any CPU = Debug|Any CPU
		Release|Any CPU = Release|Any CPU
	EndGlobalSection
	GlobalSection(ProjectConfigurationPlatforms) = postSolution
		{82FF1E5D-3BE2-413F-AC37-7F954DDBA3FB}.Debug|Any CPU.ActiveCfg = Debug|Any CPU
		{82FF1E5D-3BE2-413F-AC37-7F954DDBA3FB}.Debug|Any CPU.Build.0 = Debug|Any CPU
		{82FF1E5D-3BE2-413F-AC37-7F954DDBA3FB}.Release|Any CPU.ActiveCfg = Release|Any CPU
		{82FF1E5D-3BE2-413F-AC37-7F954DDBA3FB}.Release|Any CPU.Build.0 = Release|Any CPU
		{8C26639A-70DF-4088-A841-5D2D537FFB1B}.Debug|Any CPU.ActiveCfg = Debug|Any CPU
		{8C26639A-70DF-4088-A841-5D2D537FFB1B}.Debug|Any CPU.Build.0 = Debug|Any CPU
		{8C26639A-70DF-4088-A841-5D2D537FFB1B}.Release|Any CPU.ActiveCfg = Release|Any CPU
		{8C26639A-70DF-4088-A841-5D2D537FFB1B}.Release|Any CPU.Build.0 = Release|Any CPU
		{95D49E1D-4BBC-4998-8FF1-A4FC73E1601D}.Debug|Any CPU.ActiveCfg = Debug|Any CPU
		{95D49E1D-4BBC-4998-8FF1-A4FC73E1601D}.Debug|Any CPU.Build.0 = Debug|Any CPU
		{95D49E1D-4BBC-4998-8FF1-A4FC73E1601D}.Release|Any CPU.ActiveCfg = Release|Any CPU
		{95D49E1D-4BBC-4998-8FF1-A4FC73E1601D}.Release|Any CPU.Build.0 = Release|Any CPU
	EndGlobalSection
	GlobalSection(SolutionProperties) = preSolution
		HideSolutionNode = FALSE
	EndGlobalSection
	GlobalSection(ExtensibilityGlobals) = postSolution
		SolutionGuid = {DF030283-7488-4780-9445-86859C96AE74}
	EndGlobalSection
EndGlobal
